
Microsoft Visual Studio Solution File, Format Version 12.00
# Visual Studio Version 17
VisualStudioVersion = 17.4.33205.214
MinimumVisualStudioVersion = 10.0.40219.1
Project("{2150E333-8FDC-42A3-9474-1A3956D46DE8}") = "src", "src", "{07C6771A-9882-4E66-8DCE-46ABB699D811}"
EndProject
Project("{2150E333-8FDC-42A3-9474-1A3956D46DE8}") = "Services", "Services", "{9A5A3DB6-3A2A-472C-A03E-72D31A5BF1A6}"
EndProject
Project("{2150E333-8FDC-42A3-9474-1A3956D46DE8}") = "Identidade", "Identidade", "{5EFB76CE-4ECC-42F0-B938-849668C151D6}"
EndProject
Project("{FAE04EC0-301F-11D3-BF4B-00C04F79EFBC}") = "NSE.Identidade.API", "NSE.Identidade.API\NSE.Identidade.API.csproj", "{6356489A-F35F-4512-9517-C4C2107E791A}"
EndProject
Project("{2150E333-8FDC-42A3-9474-1A3956D46DE8}") = "Building Blocks", "Building Blocks", "{D5F3D286-610A-41B6-8864-1D05E8784ADA}"
EndProject
Project("{2150E333-8FDC-42A3-9474-1A3956D46DE8}") = "Carrinho", "Carrinho", "{C9AE6CF8-A6FD-4275-B664-810E4979808D}"
EndProject
Project("{2150E333-8FDC-42A3-9474-1A3956D46DE8}") = "Catalogo", "Catalogo", "{6D04713B-97DF-417C-B890-571052C7ABC4}"
EndProject
Project("{2150E333-8FDC-42A3-9474-1A3956D46DE8}") = "Cliente", "Cliente", "{B9A666E0-1A59-4E63-B67D-AF69EC21927B}"
EndProject
Project("{2150E333-8FDC-42A3-9474-1A3956D46DE8}") = "Pagamento", "Pagamento", "{5115CBEE-B2D7-49C5-AFB7-B7A9FFE7A49A}"
EndProject
Project("{2150E333-8FDC-42A3-9474-1A3956D46DE8}") = "Pedido", "Pedido", "{C45445D1-E975-489B-B6BB-808A69F2EB0E}"
EndProject
Project("{2150E333-8FDC-42A3-9474-1A3956D46DE8}") = "Web", "Web", "{83C830B1-0111-47BB-A591-66DE4325C739}"
EndProject
Project("{2150E333-8FDC-42A3-9474-1A3956D46DE8}") = "MVC", "MVC", "{4C24F83A-CE3A-4614-926C-4B41928402B6}"
EndProject
Project("{FAE04EC0-301F-11D3-BF4B-00C04F79EFBC}") = "NSE.WebApp.MVC", "NSE.Identidade.API\NSE.WebApp.MVC\NSE.WebApp.MVC.csproj", "{74F628E0-2100-4914-8CE0-B73627FA4B4F}"
EndProject
Project("{2150E333-8FDC-42A3-9474-1A3956D46DE8}") = "Core", "Core", "{0BD0DE6B-90F6-4F90-86A9-D5E909CA65E6}"
EndProject
Project("{FAE04EC0-301F-11D3-BF4B-00C04F79EFBC}") = "NSE.Core", "..\ClassLibrary1\NSE.Core.csproj", "{75F6E038-47A6-49BC-8975-99D30D6CFBCF}"
EndProject
Global
	GlobalSection(SolutionConfigurationPlatforms) = preSolution
		Debug|Any CPU = Debug|Any CPU
		Release|Any CPU = Release|Any CPU
	EndGlobalSection
	GlobalSection(ProjectConfigurationPlatforms) = postSolution
		{6356489A-F35F-4512-9517-C4C2107E791A}.Debug|Any CPU.ActiveCfg = Debug|Any CPU
		{6356489A-F35F-4512-9517-C4C2107E791A}.Debug|Any CPU.Build.0 = Debug|Any CPU
		{6356489A-F35F-4512-9517-C4C2107E791A}.Release|Any CPU.ActiveCfg = Release|Any CPU
		{6356489A-F35F-4512-9517-C4C2107E791A}.Release|Any CPU.Build.0 = Release|Any CPU
		{74F628E0-2100-4914-8CE0-B73627FA4B4F}.Debug|Any CPU.ActiveCfg = Debug|Any CPU
		{74F628E0-2100-4914-8CE0-B73627FA4B4F}.Debug|Any CPU.Build.0 = Debug|Any CPU
		{74F628E0-2100-4914-8CE0-B73627FA4B4F}.Release|Any CPU.ActiveCfg = Release|Any CPU
		{74F628E0-2100-4914-8CE0-B73627FA4B4F}.Release|Any CPU.Build.0 = Release|Any CPU
		{75F6E038-47A6-49BC-8975-99D30D6CFBCF}.Debug|Any CPU.ActiveCfg = Debug|Any CPU
		{75F6E038-47A6-49BC-8975-99D30D6CFBCF}.Debug|Any CPU.Build.0 = Debug|Any CPU
		{75F6E038-47A6-49BC-8975-99D30D6CFBCF}.Release|Any CPU.ActiveCfg = Release|Any CPU
		{75F6E038-47A6-49BC-8975-99D30D6CFBCF}.Release|Any CPU.Build.0 = Release|Any CPU
	EndGlobalSection
	GlobalSection(SolutionProperties) = preSolution
		HideSolutionNode = FALSE
	EndGlobalSection
	GlobalSection(NestedProjects) = preSolution
		{9A5A3DB6-3A2A-472C-A03E-72D31A5BF1A6} = {07C6771A-9882-4E66-8DCE-46ABB699D811}
		{5EFB76CE-4ECC-42F0-B938-849668C151D6} = {9A5A3DB6-3A2A-472C-A03E-72D31A5BF1A6}
		{6356489A-F35F-4512-9517-C4C2107E791A} = {5EFB76CE-4ECC-42F0-B938-849668C151D6}
		{D5F3D286-610A-41B6-8864-1D05E8784ADA} = {07C6771A-9882-4E66-8DCE-46ABB699D811}
		{C9AE6CF8-A6FD-4275-B664-810E4979808D} = {9A5A3DB6-3A2A-472C-A03E-72D31A5BF1A6}
		{6D04713B-97DF-417C-B890-571052C7ABC4} = {9A5A3DB6-3A2A-472C-A03E-72D31A5BF1A6}
		{B9A666E0-1A59-4E63-B67D-AF69EC21927B} = {9A5A3DB6-3A2A-472C-A03E-72D31A5BF1A6}
		{5115CBEE-B2D7-49C5-AFB7-B7A9FFE7A49A} = {9A5A3DB6-3A2A-472C-A03E-72D31A5BF1A6}
		{C45445D1-E975-489B-B6BB-808A69F2EB0E} = {9A5A3DB6-3A2A-472C-A03E-72D31A5BF1A6}
		{83C830B1-0111-47BB-A591-66DE4325C739} = {07C6771A-9882-4E66-8DCE-46ABB699D811}
		{4C24F83A-CE3A-4614-926C-4B41928402B6} = {83C830B1-0111-47BB-A591-66DE4325C739}
		{74F628E0-2100-4914-8CE0-B73627FA4B4F} = {4C24F83A-CE3A-4614-926C-4B41928402B6}
		{0BD0DE6B-90F6-4F90-86A9-D5E909CA65E6} = {D5F3D286-610A-41B6-8864-1D05E8784ADA}
		{75F6E038-47A6-49BC-8975-99D30D6CFBCF} = {0BD0DE6B-90F6-4F90-86A9-D5E909CA65E6}
	EndGlobalSection
	GlobalSection(ExtensibilityGlobals) = postSolution
		SolutionGuid = {8EFFCCCA-A1E9-487C-BC2C-9A4C43E9612D}
	EndGlobalSection
EndGlobal
