
Microsoft Visual Studio Solution File, Format Version 12.00
# Visual Studio Version 17
VisualStudioVersion = 17.4.33205.214
MinimumVisualStudioVersion = 10.0.40219.1
Project("{2150E333-8FDC-42A3-9474-1A3956D46DE8}") = "src", "src", "{AF41D2EC-56D7-475D-9899-8B86C6553005}"
EndProject
Project("{2150E333-8FDC-42A3-9474-1A3956D46DE8}") = "Building Blocks", "Building Blocks", "{DB7BFDD1-42B5-4FA1-B67C-B723E6BCBE4F}"
EndProject
Project("{2150E333-8FDC-42A3-9474-1A3956D46DE8}") = "Services", "Services", "{738F8D28-EA90-45ED-9AD2-8CB8DCE494A5}"
EndProject
Project("{2150E333-8FDC-42A3-9474-1A3956D46DE8}") = "Web", "Web", "{5660F4C1-91BA-4B7E-9EEC-840DBB8DBDA8}"
EndProject
Project("{2150E333-8FDC-42A3-9474-1A3956D46DE8}") = "Identidade", "Identidade", "{ACB5FEF4-71A8-45F9-8BAD-4C8E5AD93709}"
EndProject
Project("{2150E333-8FDC-42A3-9474-1A3956D46DE8}") = "MVC", "MVC", "{7B2FE37C-A4FF-4474-B9F7-BD0B81F83552}"
EndProject
Project("{FAE04EC0-301F-11D3-BF4B-00C04F79EFBC}") = "NSE.WebApp.MVC", "src\services\WebApplication1\NSE.WebApp.MVC.csproj", "{B038FE69-2399-4691-B983-413B50D043A7}"
EndProject
Project("{2150E333-8FDC-42A3-9474-1A3956D46DE8}") = "core", "core", "{D3B68B20-6D2D-4FCD-BA25-1B4B62CB9733}"
EndProject
Project("{FAE04EC0-301F-11D3-BF4B-00C04F79EFBC}") = "NSE.Core", "src\building blocks\ClassLibrary1\NSE.Core.csproj", "{63A90306-91DE-4823-9686-14350ED27213}"
EndProject
Project("{2150E333-8FDC-42A3-9474-1A3956D46DE8}") = "Carrinho", "Carrinho", "{11BE1D36-3996-4F3C-8042-351E55272B38}"
EndProject
Project("{2150E333-8FDC-42A3-9474-1A3956D46DE8}") = "Catalogo", "Catalogo", "{1DDC0C9F-3CEE-4824-8666-192608F570A8}"
EndProject
Project("{2150E333-8FDC-42A3-9474-1A3956D46DE8}") = "Cliente", "Cliente", "{7E608DC1-7373-4E6E-806F-1D70BC51A034}"
EndProject
Project("{2150E333-8FDC-42A3-9474-1A3956D46DE8}") = "Pagamento", "Pagamento", "{CB80B06A-C6B2-4B5F-9132-9D6D6E884064}"
EndProject
Project("{2150E333-8FDC-42A3-9474-1A3956D46DE8}") = "Pedido", "Pedido", "{D44F68AF-12B2-4BA8-9E57-B8EE94D03BA9}"
EndProject
Project("{FAE04EC0-301F-11D3-BF4B-00C04F79EFBC}") = "NSE.Carrinho.API", "NSE.Carrinho.API\NSE.Carrinho.API.csproj", "{8BB9762B-439C-4102-B5F0-48BAAA2D163E}"
EndProject
Project("{FAE04EC0-301F-11D3-BF4B-00C04F79EFBC}") = "NSE.Catalogo.API", "NSE.Catalogo.API\NSE.Catalogo.API.csproj", "{C80DB21E-1112-47B3-848C-A122A6A68E85}"
EndProject
Project("{FAE04EC0-301F-11D3-BF4B-00C04F79EFBC}") = "NSE.Cliente.API", "src\services\NSE.Cliente.API\NSE.Cliente.API.csproj", "{7EAB79F1-0FF5-4007-A2A0-5CF2A19586F7}"
EndProject
Project("{FAE04EC0-301F-11D3-BF4B-00C04F79EFBC}") = "NSE.Pagamento.API", "src\NSE.Pagamento.API\NSE.Pagamento.API.csproj", "{9C576496-3BD4-499A-8F75-CE7C5076DF47}"
EndProject
Project("{FAE04EC0-301F-11D3-BF4B-00C04F79EFBC}") = "NSE.Pedido.API", "src\services\NSE.Pedido.API\NSE.Pedido.API.csproj", "{AA606BA0-055D-4393-9D21-1F53BEB21E1E}"
EndProject
Project("{FAE04EC0-301F-11D3-BF4B-00C04F79EFBC}") = "NSE.Identidade.API", "src\services\NSE.Identidade.API\NSE.Identidade.API.csproj", "{EF2C70F3-CA05-4895-A2D4-2D60BD05DE43}"
EndProject
Global
	GlobalSection(SolutionConfigurationPlatforms) = preSolution
		Debug|Any CPU = Debug|Any CPU
		Release|Any CPU = Release|Any CPU
	EndGlobalSection
	GlobalSection(ProjectConfigurationPlatforms) = postSolution
		{B038FE69-2399-4691-B983-413B50D043A7}.Debug|Any CPU.ActiveCfg = Debug|Any CPU
		{B038FE69-2399-4691-B983-413B50D043A7}.Debug|Any CPU.Build.0 = Debug|Any CPU
		{B038FE69-2399-4691-B983-413B50D043A7}.Release|Any CPU.ActiveCfg = Release|Any CPU
		{B038FE69-2399-4691-B983-413B50D043A7}.Release|Any CPU.Build.0 = Release|Any CPU
		{63A90306-91DE-4823-9686-14350ED27213}.Debug|Any CPU.ActiveCfg = Debug|Any CPU
		{63A90306-91DE-4823-9686-14350ED27213}.Debug|Any CPU.Build.0 = Debug|Any CPU
		{63A90306-91DE-4823-9686-14350ED27213}.Release|Any CPU.ActiveCfg = Release|Any CPU
		{63A90306-91DE-4823-9686-14350ED27213}.Release|Any CPU.Build.0 = Release|Any CPU
		{8BB9762B-439C-4102-B5F0-48BAAA2D163E}.Debug|Any CPU.ActiveCfg = Debug|Any CPU
		{8BB9762B-439C-4102-B5F0-48BAAA2D163E}.Debug|Any CPU.Build.0 = Debug|Any CPU
		{8BB9762B-439C-4102-B5F0-48BAAA2D163E}.Release|Any CPU.ActiveCfg = Release|Any CPU
		{8BB9762B-439C-4102-B5F0-48BAAA2D163E}.Release|Any CPU.Build.0 = Release|Any CPU
		{C80DB21E-1112-47B3-848C-A122A6A68E85}.Debug|Any CPU.ActiveCfg = Debug|Any CPU
		{C80DB21E-1112-47B3-848C-A122A6A68E85}.Debug|Any CPU.Build.0 = Debug|Any CPU
		{C80DB21E-1112-47B3-848C-A122A6A68E85}.Release|Any CPU.ActiveCfg = Release|Any CPU
		{C80DB21E-1112-47B3-848C-A122A6A68E85}.Release|Any CPU.Build.0 = Release|Any CPU
		{7EAB79F1-0FF5-4007-A2A0-5CF2A19586F7}.Debug|Any CPU.ActiveCfg = Debug|Any CPU
		{7EAB79F1-0FF5-4007-A2A0-5CF2A19586F7}.Debug|Any CPU.Build.0 = Debug|Any CPU
		{7EAB79F1-0FF5-4007-A2A0-5CF2A19586F7}.Release|Any CPU.ActiveCfg = Release|Any CPU
		{7EAB79F1-0FF5-4007-A2A0-5CF2A19586F7}.Release|Any CPU.Build.0 = Release|Any CPU
		{9C576496-3BD4-499A-8F75-CE7C5076DF47}.Debug|Any CPU.ActiveCfg = Debug|Any CPU
		{9C576496-3BD4-499A-8F75-CE7C5076DF47}.Debug|Any CPU.Build.0 = Debug|Any CPU
		{9C576496-3BD4-499A-8F75-CE7C5076DF47}.Release|Any CPU.ActiveCfg = Release|Any CPU
		{9C576496-3BD4-499A-8F75-CE7C5076DF47}.Release|Any CPU.Build.0 = Release|Any CPU
		{AA606BA0-055D-4393-9D21-1F53BEB21E1E}.Debug|Any CPU.ActiveCfg = Debug|Any CPU
		{AA606BA0-055D-4393-9D21-1F53BEB21E1E}.Debug|Any CPU.Build.0 = Debug|Any CPU
		{AA606BA0-055D-4393-9D21-1F53BEB21E1E}.Release|Any CPU.ActiveCfg = Release|Any CPU
		{AA606BA0-055D-4393-9D21-1F53BEB21E1E}.Release|Any CPU.Build.0 = Release|Any CPU
		{EF2C70F3-CA05-4895-A2D4-2D60BD05DE43}.Debug|Any CPU.ActiveCfg = Debug|Any CPU
		{EF2C70F3-CA05-4895-A2D4-2D60BD05DE43}.Debug|Any CPU.Build.0 = Debug|Any CPU
		{EF2C70F3-CA05-4895-A2D4-2D60BD05DE43}.Release|Any CPU.ActiveCfg = Release|Any CPU
		{EF2C70F3-CA05-4895-A2D4-2D60BD05DE43}.Release|Any CPU.Build.0 = Release|Any CPU
	EndGlobalSection
	GlobalSection(SolutionProperties) = preSolution
		HideSolutionNode = FALSE
	EndGlobalSection
	GlobalSection(NestedProjects) = preSolution
		{DB7BFDD1-42B5-4FA1-B67C-B723E6BCBE4F} = {AF41D2EC-56D7-475D-9899-8B86C6553005}
		{738F8D28-EA90-45ED-9AD2-8CB8DCE494A5} = {AF41D2EC-56D7-475D-9899-8B86C6553005}
		{5660F4C1-91BA-4B7E-9EEC-840DBB8DBDA8} = {AF41D2EC-56D7-475D-9899-8B86C6553005}
		{ACB5FEF4-71A8-45F9-8BAD-4C8E5AD93709} = {738F8D28-EA90-45ED-9AD2-8CB8DCE494A5}
		{7B2FE37C-A4FF-4474-B9F7-BD0B81F83552} = {5660F4C1-91BA-4B7E-9EEC-840DBB8DBDA8}
		{B038FE69-2399-4691-B983-413B50D043A7} = {7B2FE37C-A4FF-4474-B9F7-BD0B81F83552}
		{D3B68B20-6D2D-4FCD-BA25-1B4B62CB9733} = {DB7BFDD1-42B5-4FA1-B67C-B723E6BCBE4F}
		{63A90306-91DE-4823-9686-14350ED27213} = {D3B68B20-6D2D-4FCD-BA25-1B4B62CB9733}
		{11BE1D36-3996-4F3C-8042-351E55272B38} = {738F8D28-EA90-45ED-9AD2-8CB8DCE494A5}
		{1DDC0C9F-3CEE-4824-8666-192608F570A8} = {738F8D28-EA90-45ED-9AD2-8CB8DCE494A5}
		{7E608DC1-7373-4E6E-806F-1D70BC51A034} = {738F8D28-EA90-45ED-9AD2-8CB8DCE494A5}
		{CB80B06A-C6B2-4B5F-9132-9D6D6E884064} = {738F8D28-EA90-45ED-9AD2-8CB8DCE494A5}
		{D44F68AF-12B2-4BA8-9E57-B8EE94D03BA9} = {738F8D28-EA90-45ED-9AD2-8CB8DCE494A5}
		{8BB9762B-439C-4102-B5F0-48BAAA2D163E} = {11BE1D36-3996-4F3C-8042-351E55272B38}
		{C80DB21E-1112-47B3-848C-A122A6A68E85} = {1DDC0C9F-3CEE-4824-8666-192608F570A8}
		{7EAB79F1-0FF5-4007-A2A0-5CF2A19586F7} = {7E608DC1-7373-4E6E-806F-1D70BC51A034}
		{9C576496-3BD4-499A-8F75-CE7C5076DF47} = {CB80B06A-C6B2-4B5F-9132-9D6D6E884064}
		{AA606BA0-055D-4393-9D21-1F53BEB21E1E} = {D44F68AF-12B2-4BA8-9E57-B8EE94D03BA9}
		{EF2C70F3-CA05-4895-A2D4-2D60BD05DE43} = {ACB5FEF4-71A8-45F9-8BAD-4C8E5AD93709}
	EndGlobalSection
	GlobalSection(ExtensibilityGlobals) = postSolution
		SolutionGuid = {757CDF8C-094A-4D34-BA3F-73280717E474}
	EndGlobalSection
EndGlobal
