
Microsoft Visual Studio Solution File, Format Version 12.00
# Visual Studio Version 16
VisualStudioVersion = 16.0.33214.272
MinimumVisualStudioVersion = 10.0.40219.1
Project("{2150E333-8FDC-42A3-9474-1A3956D46DE8}") = "src", "src", "{0384BADE-58C8-4632-AC39-AA16843E88E6}"
EndProject
Project("{2150E333-8FDC-42A3-9474-1A3956D46DE8}") = "Bulding Blocks", "Bulding Blocks", "{70BF120A-23EE-49A9-B7AB-1F16AE29E3DB}"
EndProject
Project("{2150E333-8FDC-42A3-9474-1A3956D46DE8}") = "Services", "Services", "{E4404B3D-91AA-4902-A474-2ECBFECDBB52}"
EndProject
Project("{2150E333-8FDC-42A3-9474-1A3956D46DE8}") = "Web", "Web", "{FE9B0E95-347E-4ABB-B3D1-16E2DFF0F721}"
EndProject
Project("{2150E333-8FDC-42A3-9474-1A3956D46DE8}") = "Identidade", "Identidade", "{08ADBB0A-F9F7-4549-8835-205C7F8C7164}"
EndProject
Project("{FAE04EC0-301F-11D3-BF4B-00C04F79EFBC}") = "NSE.Identidade.API", "src\services\NSE.Identidade.API\NSE.Identidade.API.csproj", "{CEC945AB-0DA0-44B1-804C-9E5187CF7402}"
EndProject
Project("{2150E333-8FDC-42A3-9474-1A3956D46DE8}") = "Mvc", "Mvc", "{95365AC7-55FC-4D06-B6AF-BD92CCAF5DF8}"
EndProject
Project("{FAE04EC0-301F-11D3-BF4B-00C04F79EFBC}") = "NSE.WebApp.MVC", "NSE.WebApp.MVC\NSE.WebApp.MVC.csproj", "{AC62468B-2325-4EDB-8401-BF064C734E57}"
EndProject
Project("{2150E333-8FDC-42A3-9474-1A3956D46DE8}") = "Core", "Core", "{86CBC57D-2750-4887-8F78-EE7A20E6CBC6}"
EndProject
Project("{FAE04EC0-301F-11D3-BF4B-00C04F79EFBC}") = "NSE.Core", "src\building blocks\NSE.Core\NSE.Core.csproj", "{14688E31-2459-453E-891C-A5D0AD6390DB}"
EndProject
Project("{2150E333-8FDC-42A3-9474-1A3956D46DE8}") = "Carrinho", "Carrinho", "{E7EE46B5-B78B-41E7-9FC5-894356F7DFDA}"
EndProject
Project("{2150E333-8FDC-42A3-9474-1A3956D46DE8}") = "Catalogo", "Catalogo", "{0C2EDA21-19EA-412B-A6FE-EB2B3B9C0EE8}"
EndProject
Project("{2150E333-8FDC-42A3-9474-1A3956D46DE8}") = "Pedido", "Pedido", "{385F2029-ED08-434B-A5E1-2AAB3F039439}"
EndProject
Project("{2150E333-8FDC-42A3-9474-1A3956D46DE8}") = "Pagamento", "Pagamento", "{8EAAFEE0-2D59-4D42-BEAB-58957A14189B}"
EndProject
Project("{2150E333-8FDC-42A3-9474-1A3956D46DE8}") = "Cliente", "Cliente", "{519CAD32-D368-4C86-8B72-F6F6606A0986}"
EndProject
Project("{FAE04EC0-301F-11D3-BF4B-00C04F79EFBC}") = "NSE.Carrinho.API", "src\services\NSE.Carrinho.API\NSE.Carrinho.API.csproj", "{6E2F0FCA-3928-4BC8-B206-ABC56DEB2D21}"
EndProject
Project("{FAE04EC0-301F-11D3-BF4B-00C04F79EFBC}") = "NSE.Catalogo.API", "src\services\NSE.Catalogo.API\NSE.Catalogo.API.csproj", "{A145CDB0-958A-4179-8D9E-D04E81353498}"
EndProject
Project("{FAE04EC0-301F-11D3-BF4B-00C04F79EFBC}") = "NSE.Cliente.API", "src\services\NSE.Cliente.API\NSE.Cliente.API.csproj", "{84B3B78C-8623-4AE5-8890-C248566B69E3}"
EndProject
Project("{FAE04EC0-301F-11D3-BF4B-00C04F79EFBC}") = "NSE.Pagamento.API", "src\services\NSE.Pagamento.API\NSE.Pagamento.API.csproj", "{882013FB-CF5D-42FD-918F-FC333AAA369D}"
EndProject
Project("{FAE04EC0-301F-11D3-BF4B-00C04F79EFBC}") = "NSE.Pedido.API", "src\services\NSE.Pedido.API\NSE.Pedido.API.csproj", "{4A140E68-1400-4A70-8902-ED7FCDBF751F}"
EndProject
Global
	GlobalSection(SolutionConfigurationPlatforms) = preSolution
		Debug|Any CPU = Debug|Any CPU
		Release|Any CPU = Release|Any CPU
	EndGlobalSection
	GlobalSection(ProjectConfigurationPlatforms) = postSolution
		{CEC945AB-0DA0-44B1-804C-9E5187CF7402}.Debug|Any CPU.ActiveCfg = Debug|Any CPU
		{CEC945AB-0DA0-44B1-804C-9E5187CF7402}.Debug|Any CPU.Build.0 = Debug|Any CPU
		{CEC945AB-0DA0-44B1-804C-9E5187CF7402}.Release|Any CPU.ActiveCfg = Release|Any CPU
		{CEC945AB-0DA0-44B1-804C-9E5187CF7402}.Release|Any CPU.Build.0 = Release|Any CPU
		{AC62468B-2325-4EDB-8401-BF064C734E57}.Debug|Any CPU.ActiveCfg = Debug|Any CPU
		{AC62468B-2325-4EDB-8401-BF064C734E57}.Debug|Any CPU.Build.0 = Debug|Any CPU
		{AC62468B-2325-4EDB-8401-BF064C734E57}.Release|Any CPU.ActiveCfg = Release|Any CPU
		{AC62468B-2325-4EDB-8401-BF064C734E57}.Release|Any CPU.Build.0 = Release|Any CPU
		{14688E31-2459-453E-891C-A5D0AD6390DB}.Debug|Any CPU.ActiveCfg = Debug|Any CPU
		{14688E31-2459-453E-891C-A5D0AD6390DB}.Debug|Any CPU.Build.0 = Debug|Any CPU
		{14688E31-2459-453E-891C-A5D0AD6390DB}.Release|Any CPU.ActiveCfg = Release|Any CPU
		{14688E31-2459-453E-891C-A5D0AD6390DB}.Release|Any CPU.Build.0 = Release|Any CPU
		{6E2F0FCA-3928-4BC8-B206-ABC56DEB2D21}.Debug|Any CPU.ActiveCfg = Debug|Any CPU
		{6E2F0FCA-3928-4BC8-B206-ABC56DEB2D21}.Debug|Any CPU.Build.0 = Debug|Any CPU
		{6E2F0FCA-3928-4BC8-B206-ABC56DEB2D21}.Release|Any CPU.ActiveCfg = Release|Any CPU
		{6E2F0FCA-3928-4BC8-B206-ABC56DEB2D21}.Release|Any CPU.Build.0 = Release|Any CPU
		{A145CDB0-958A-4179-8D9E-D04E81353498}.Debug|Any CPU.ActiveCfg = Debug|Any CPU
		{A145CDB0-958A-4179-8D9E-D04E81353498}.Debug|Any CPU.Build.0 = Debug|Any CPU
		{A145CDB0-958A-4179-8D9E-D04E81353498}.Release|Any CPU.ActiveCfg = Release|Any CPU
		{A145CDB0-958A-4179-8D9E-D04E81353498}.Release|Any CPU.Build.0 = Release|Any CPU
		{84B3B78C-8623-4AE5-8890-C248566B69E3}.Debug|Any CPU.ActiveCfg = Debug|Any CPU
		{84B3B78C-8623-4AE5-8890-C248566B69E3}.Debug|Any CPU.Build.0 = Debug|Any CPU
		{84B3B78C-8623-4AE5-8890-C248566B69E3}.Release|Any CPU.ActiveCfg = Release|Any CPU
		{84B3B78C-8623-4AE5-8890-C248566B69E3}.Release|Any CPU.Build.0 = Release|Any CPU
		{882013FB-CF5D-42FD-918F-FC333AAA369D}.Debug|Any CPU.ActiveCfg = Debug|Any CPU
		{882013FB-CF5D-42FD-918F-FC333AAA369D}.Debug|Any CPU.Build.0 = Debug|Any CPU
		{882013FB-CF5D-42FD-918F-FC333AAA369D}.Release|Any CPU.ActiveCfg = Release|Any CPU
		{882013FB-CF5D-42FD-918F-FC333AAA369D}.Release|Any CPU.Build.0 = Release|Any CPU
		{4A140E68-1400-4A70-8902-ED7FCDBF751F}.Debug|Any CPU.ActiveCfg = Debug|Any CPU
		{4A140E68-1400-4A70-8902-ED7FCDBF751F}.Debug|Any CPU.Build.0 = Debug|Any CPU
		{4A140E68-1400-4A70-8902-ED7FCDBF751F}.Release|Any CPU.ActiveCfg = Release|Any CPU
		{4A140E68-1400-4A70-8902-ED7FCDBF751F}.Release|Any CPU.Build.0 = Release|Any CPU
	EndGlobalSection
	GlobalSection(SolutionProperties) = preSolution
		HideSolutionNode = FALSE
	EndGlobalSection
	GlobalSection(NestedProjects) = preSolution
		{70BF120A-23EE-49A9-B7AB-1F16AE29E3DB} = {0384BADE-58C8-4632-AC39-AA16843E88E6}
		{E4404B3D-91AA-4902-A474-2ECBFECDBB52} = {0384BADE-58C8-4632-AC39-AA16843E88E6}
		{FE9B0E95-347E-4ABB-B3D1-16E2DFF0F721} = {0384BADE-58C8-4632-AC39-AA16843E88E6}
		{08ADBB0A-F9F7-4549-8835-205C7F8C7164} = {E4404B3D-91AA-4902-A474-2ECBFECDBB52}
		{CEC945AB-0DA0-44B1-804C-9E5187CF7402} = {08ADBB0A-F9F7-4549-8835-205C7F8C7164}
		{95365AC7-55FC-4D06-B6AF-BD92CCAF5DF8} = {FE9B0E95-347E-4ABB-B3D1-16E2DFF0F721}
		{AC62468B-2325-4EDB-8401-BF064C734E57} = {95365AC7-55FC-4D06-B6AF-BD92CCAF5DF8}
		{86CBC57D-2750-4887-8F78-EE7A20E6CBC6} = {70BF120A-23EE-49A9-B7AB-1F16AE29E3DB}
		{14688E31-2459-453E-891C-A5D0AD6390DB} = {86CBC57D-2750-4887-8F78-EE7A20E6CBC6}
		{E7EE46B5-B78B-41E7-9FC5-894356F7DFDA} = {E4404B3D-91AA-4902-A474-2ECBFECDBB52}
		{0C2EDA21-19EA-412B-A6FE-EB2B3B9C0EE8} = {E4404B3D-91AA-4902-A474-2ECBFECDBB52}
		{385F2029-ED08-434B-A5E1-2AAB3F039439} = {E4404B3D-91AA-4902-A474-2ECBFECDBB52}
		{8EAAFEE0-2D59-4D42-BEAB-58957A14189B} = {E4404B3D-91AA-4902-A474-2ECBFECDBB52}
		{519CAD32-D368-4C86-8B72-F6F6606A0986} = {E4404B3D-91AA-4902-A474-2ECBFECDBB52}
		{6E2F0FCA-3928-4BC8-B206-ABC56DEB2D21} = {E7EE46B5-B78B-41E7-9FC5-894356F7DFDA}
		{A145CDB0-958A-4179-8D9E-D04E81353498} = {0C2EDA21-19EA-412B-A6FE-EB2B3B9C0EE8}
		{84B3B78C-8623-4AE5-8890-C248566B69E3} = {519CAD32-D368-4C86-8B72-F6F6606A0986}
		{882013FB-CF5D-42FD-918F-FC333AAA369D} = {8EAAFEE0-2D59-4D42-BEAB-58957A14189B}
		{4A140E68-1400-4A70-8902-ED7FCDBF751F} = {385F2029-ED08-434B-A5E1-2AAB3F039439}
	EndGlobalSection
	GlobalSection(ExtensibilityGlobals) = postSolution
		SolutionGuid = {FE400ACC-BBDC-4AE2-BD2B-1EDEC751D804}
	EndGlobalSection
EndGlobal
