
Microsoft Visual Studio Solution File, Format Version 12.00
# Visual Studio Version 16
VisualStudioVersion = 16.0.33214.272
MinimumVisualStudioVersion = 10.0.40219.1
Project("{2150E333-8FDC-42A3-9474-1A3956D46DE8}") = "src", "src", "{0CD7A8F5-1A2F-4307-BE53-2DEBA781C7B6}"
EndProject
Project("{2150E333-8FDC-42A3-9474-1A3956D46DE8}") = "Bulding Blocks", "Bulding Blocks", "{89F48B34-C28C-4616-B4C0-618EC3B5DA79}"
EndProject
Project("{2150E333-8FDC-42A3-9474-1A3956D46DE8}") = "Services", "Services", "{F48BFD29-0FA3-44B8-80DD-62407C3E5713}"
EndProject
Project("{2150E333-8FDC-42A3-9474-1A3956D46DE8}") = "Web", "Web", "{B1321419-3FC0-4FD3-BC3A-E5F29CA31CA4}"
EndProject
Project("{2150E333-8FDC-42A3-9474-1A3956D46DE8}") = "Identidade", "Identidade", "{04F0C634-D7EE-4EDE-A781-DE67FB43086E}"
EndProject
Project("{FAE04EC0-301F-11D3-BF4B-00C04F79EFBC}") = "NSE.Identidade.API", "src\services\NSE.Identidade.API\NSE.Identidade.API.csproj", "{685C201F-8D5B-4E73-BBAE-B496DCD1A546}"
EndProject
Project("{2150E333-8FDC-42A3-9474-1A3956D46DE8}") = "Mvc", "Mvc", "{8661827B-E3BA-4E6E-9430-D2F4B08B57E8}"
EndProject
Project("{FAE04EC0-301F-11D3-BF4B-00C04F79EFBC}") = "NSE.WebApp.MVC", "src\services\NSE.WebApp.MVC\NSE.WebApp.MVC.csproj", "{C2C81E71-91A7-471A-8D0A-91892252C855}"
EndProject
Project("{2150E333-8FDC-42A3-9474-1A3956D46DE8}") = "Core", "Core", "{1BA3C0E5-7A52-4E8C-A5C9-1AC9398E0C86}"
EndProject
Project("{FAE04EC0-301F-11D3-BF4B-00C04F79EFBC}") = "NSE.Core", "src\services\NSE.Core\NSE.Core.csproj", "{D1295AE1-4958-42FB-962D-BA2CCD729028}"
EndProject
Project("{2150E333-8FDC-42A3-9474-1A3956D46DE8}") = "Carrinho", "Carrinho", "{7330A046-D842-447C-8378-E25387ADC4C5}"
EndProject
Project("{FAE04EC0-301F-11D3-BF4B-00C04F79EFBC}") = "NSE.Carrinho.API", "src\services\NSE.Carrinho.API\NSE.Carrinho.API.csproj", "{01DF6F65-5E49-45FF-9EC7-AF083E2B5D4D}"
EndProject
Project("{2150E333-8FDC-42A3-9474-1A3956D46DE8}") = "Catalogo", "Catalogo", "{5ADE0DD2-9185-41C4-AE8E-53D488C93B3D}"
EndProject
Project("{FAE04EC0-301F-11D3-BF4B-00C04F79EFBC}") = "NSE.Catalogo.API", "src\services\NSE.Catalogo.API\NSE.Catalogo.API.csproj", "{80BF2869-CE6C-44E2-A3A8-0B4D3F5D6D3E}"
EndProject
Project("{2150E333-8FDC-42A3-9474-1A3956D46DE8}") = "Cliente", "Cliente", "{173FB6C6-162D-42F5-B743-C197C8FB4995}"
EndProject
Project("{FAE04EC0-301F-11D3-BF4B-00C04F79EFBC}") = "NSE.Cliente.API", "src\services\NSE.Cliente.API\NSE.Cliente.API.csproj", "{CF91A719-8629-45BF-9CCF-87D3CF175405}"
EndProject
Project("{2150E333-8FDC-42A3-9474-1A3956D46DE8}") = "Pagamento", "Pagamento", "{70AEE357-BA87-4A44-9BF8-13ACD20CA89B}"
EndProject
Project("{FAE04EC0-301F-11D3-BF4B-00C04F79EFBC}") = "NSE.Pagamento.API", "src\services\NSE.Pagamento.API\NSE.Pagamento.API.csproj", "{FA7D1B56-9E61-4987-B318-55CEA8D78FDE}"
EndProject
Project("{2150E333-8FDC-42A3-9474-1A3956D46DE8}") = "Pedido", "Pedido", "{AA3CA534-1745-416B-8FA2-69F2F25567DC}"
EndProject
Project("{FAE04EC0-301F-11D3-BF4B-00C04F79EFBC}") = "NSE.Pedido.API", "src\services\NSE.Pedido.API\NSE.Pedido.API.csproj", "{B2ECEF2B-62F2-4BD5-A882-ABE58C998B94}"
EndProject
Global
	GlobalSection(SolutionConfigurationPlatforms) = preSolution
		Debug|Any CPU = Debug|Any CPU
		Release|Any CPU = Release|Any CPU
	EndGlobalSection
	GlobalSection(ProjectConfigurationPlatforms) = postSolution
		{685C201F-8D5B-4E73-BBAE-B496DCD1A546}.Debug|Any CPU.ActiveCfg = Debug|Any CPU
		{685C201F-8D5B-4E73-BBAE-B496DCD1A546}.Debug|Any CPU.Build.0 = Debug|Any CPU
		{685C201F-8D5B-4E73-BBAE-B496DCD1A546}.Release|Any CPU.ActiveCfg = Release|Any CPU
		{685C201F-8D5B-4E73-BBAE-B496DCD1A546}.Release|Any CPU.Build.0 = Release|Any CPU
		{C2C81E71-91A7-471A-8D0A-91892252C855}.Debug|Any CPU.ActiveCfg = Debug|Any CPU
		{C2C81E71-91A7-471A-8D0A-91892252C855}.Debug|Any CPU.Build.0 = Debug|Any CPU
		{C2C81E71-91A7-471A-8D0A-91892252C855}.Release|Any CPU.ActiveCfg = Release|Any CPU
		{C2C81E71-91A7-471A-8D0A-91892252C855}.Release|Any CPU.Build.0 = Release|Any CPU
		{D1295AE1-4958-42FB-962D-BA2CCD729028}.Debug|Any CPU.ActiveCfg = Debug|Any CPU
		{D1295AE1-4958-42FB-962D-BA2CCD729028}.Debug|Any CPU.Build.0 = Debug|Any CPU
		{D1295AE1-4958-42FB-962D-BA2CCD729028}.Release|Any CPU.ActiveCfg = Release|Any CPU
		{D1295AE1-4958-42FB-962D-BA2CCD729028}.Release|Any CPU.Build.0 = Release|Any CPU
		{01DF6F65-5E49-45FF-9EC7-AF083E2B5D4D}.Debug|Any CPU.ActiveCfg = Debug|Any CPU
		{01DF6F65-5E49-45FF-9EC7-AF083E2B5D4D}.Debug|Any CPU.Build.0 = Debug|Any CPU
		{01DF6F65-5E49-45FF-9EC7-AF083E2B5D4D}.Release|Any CPU.ActiveCfg = Release|Any CPU
		{01DF6F65-5E49-45FF-9EC7-AF083E2B5D4D}.Release|Any CPU.Build.0 = Release|Any CPU
		{80BF2869-CE6C-44E2-A3A8-0B4D3F5D6D3E}.Debug|Any CPU.ActiveCfg = Debug|Any CPU
		{80BF2869-CE6C-44E2-A3A8-0B4D3F5D6D3E}.Debug|Any CPU.Build.0 = Debug|Any CPU
		{80BF2869-CE6C-44E2-A3A8-0B4D3F5D6D3E}.Release|Any CPU.ActiveCfg = Release|Any CPU
		{80BF2869-CE6C-44E2-A3A8-0B4D3F5D6D3E}.Release|Any CPU.Build.0 = Release|Any CPU
		{CF91A719-8629-45BF-9CCF-87D3CF175405}.Debug|Any CPU.ActiveCfg = Debug|Any CPU
		{CF91A719-8629-45BF-9CCF-87D3CF175405}.Debug|Any CPU.Build.0 = Debug|Any CPU
		{CF91A719-8629-45BF-9CCF-87D3CF175405}.Release|Any CPU.ActiveCfg = Release|Any CPU
		{CF91A719-8629-45BF-9CCF-87D3CF175405}.Release|Any CPU.Build.0 = Release|Any CPU
		{FA7D1B56-9E61-4987-B318-55CEA8D78FDE}.Debug|Any CPU.ActiveCfg = Debug|Any CPU
		{FA7D1B56-9E61-4987-B318-55CEA8D78FDE}.Debug|Any CPU.Build.0 = Debug|Any CPU
		{FA7D1B56-9E61-4987-B318-55CEA8D78FDE}.Release|Any CPU.ActiveCfg = Release|Any CPU
		{FA7D1B56-9E61-4987-B318-55CEA8D78FDE}.Release|Any CPU.Build.0 = Release|Any CPU
		{B2ECEF2B-62F2-4BD5-A882-ABE58C998B94}.Debug|Any CPU.ActiveCfg = Debug|Any CPU
		{B2ECEF2B-62F2-4BD5-A882-ABE58C998B94}.Debug|Any CPU.Build.0 = Debug|Any CPU
		{B2ECEF2B-62F2-4BD5-A882-ABE58C998B94}.Release|Any CPU.ActiveCfg = Release|Any CPU
		{B2ECEF2B-62F2-4BD5-A882-ABE58C998B94}.Release|Any CPU.Build.0 = Release|Any CPU
	EndGlobalSection
	GlobalSection(SolutionProperties) = preSolution
		HideSolutionNode = FALSE
	EndGlobalSection
	GlobalSection(NestedProjects) = preSolution
		{89F48B34-C28C-4616-B4C0-618EC3B5DA79} = {0CD7A8F5-1A2F-4307-BE53-2DEBA781C7B6}
		{F48BFD29-0FA3-44B8-80DD-62407C3E5713} = {0CD7A8F5-1A2F-4307-BE53-2DEBA781C7B6}
		{B1321419-3FC0-4FD3-BC3A-E5F29CA31CA4} = {0CD7A8F5-1A2F-4307-BE53-2DEBA781C7B6}
		{04F0C634-D7EE-4EDE-A781-DE67FB43086E} = {F48BFD29-0FA3-44B8-80DD-62407C3E5713}
		{685C201F-8D5B-4E73-BBAE-B496DCD1A546} = {04F0C634-D7EE-4EDE-A781-DE67FB43086E}
		{8661827B-E3BA-4E6E-9430-D2F4B08B57E8} = {B1321419-3FC0-4FD3-BC3A-E5F29CA31CA4}
		{C2C81E71-91A7-471A-8D0A-91892252C855} = {8661827B-E3BA-4E6E-9430-D2F4B08B57E8}
		{1BA3C0E5-7A52-4E8C-A5C9-1AC9398E0C86} = {89F48B34-C28C-4616-B4C0-618EC3B5DA79}
		{D1295AE1-4958-42FB-962D-BA2CCD729028} = {1BA3C0E5-7A52-4E8C-A5C9-1AC9398E0C86}
		{7330A046-D842-447C-8378-E25387ADC4C5} = {F48BFD29-0FA3-44B8-80DD-62407C3E5713}
		{01DF6F65-5E49-45FF-9EC7-AF083E2B5D4D} = {7330A046-D842-447C-8378-E25387ADC4C5}
		{5ADE0DD2-9185-41C4-AE8E-53D488C93B3D} = {F48BFD29-0FA3-44B8-80DD-62407C3E5713}
		{80BF2869-CE6C-44E2-A3A8-0B4D3F5D6D3E} = {5ADE0DD2-9185-41C4-AE8E-53D488C93B3D}
		{173FB6C6-162D-42F5-B743-C197C8FB4995} = {F48BFD29-0FA3-44B8-80DD-62407C3E5713}
		{CF91A719-8629-45BF-9CCF-87D3CF175405} = {173FB6C6-162D-42F5-B743-C197C8FB4995}
		{70AEE357-BA87-4A44-9BF8-13ACD20CA89B} = {F48BFD29-0FA3-44B8-80DD-62407C3E5713}
		{FA7D1B56-9E61-4987-B318-55CEA8D78FDE} = {70AEE357-BA87-4A44-9BF8-13ACD20CA89B}
		{AA3CA534-1745-416B-8FA2-69F2F25567DC} = {F48BFD29-0FA3-44B8-80DD-62407C3E5713}
		{B2ECEF2B-62F2-4BD5-A882-ABE58C998B94} = {AA3CA534-1745-416B-8FA2-69F2F25567DC}
	EndGlobalSection
	GlobalSection(ExtensibilityGlobals) = postSolution
		SolutionGuid = {2B2C8909-77E6-4560-B013-6C43BDB4D43F}
	EndGlobalSection
EndGlobal
