
Microsoft Visual Studio Solution File, Format Version 12.00
# Visual Studio Version 16
VisualStudioVersion = 16.0.33214.272
MinimumVisualStudioVersion = 10.0.40219.1
Project("{2150E333-8FDC-42A3-9474-1A3956D46DE8}") = "src", "src", "{6A78CA54-F6E8-4E88-B001-0B7600F8988F}"
EndProject
Project("{2150E333-8FDC-42A3-9474-1A3956D46DE8}") = "Services", "Services", "{0F691CA2-3BEA-44E3-81AA-DB89742C572A}"
EndProject
Project("{2150E333-8FDC-42A3-9474-1A3956D46DE8}") = "Building Blcoks", "Building Blcoks", "{2016CF64-E267-4AC1-A0FA-924DEB3927B5}"
EndProject
Project("{2150E333-8FDC-42A3-9474-1A3956D46DE8}") = "Web", "Web", "{C4BB997E-463F-4A0A-9550-D5EDBB8B6E9A}"
EndProject
Project("{2150E333-8FDC-42A3-9474-1A3956D46DE8}") = "Identidade", "Identidade", "{A3136104-8DCE-49CE-8FF6-67AA9392C807}"
EndProject
Project("{FAE04EC0-301F-11D3-BF4B-00C04F79EFBC}") = "NSE.Identidade.API", "src\services\NSE.Identidade.API\NSE.Identidade.API.csproj", "{52242333-2C2E-484E-8E3A-A921A8328BEA}"
EndProject
Project("{2150E333-8FDC-42A3-9474-1A3956D46DE8}") = "MVC", "MVC", "{417442BD-AFDF-49E6-B351-2075B03CF11F}"
EndProject
Project("{FAE04EC0-301F-11D3-BF4B-00C04F79EFBC}") = "NSE.WebApp.MVC", "src\web\NSE.WebApp.MVC\NSE.WebApp.MVC.csproj", "{8B65A2F9-3A8E-4FBD-9DF1-E44F7FDA4678}"
EndProject
Project("{2150E333-8FDC-42A3-9474-1A3956D46DE8}") = "Core", "Core", "{0B4C6ECF-64E0-4E8F-869C-DB84E5B44DEF}"
EndProject
Project("{FAE04EC0-301F-11D3-BF4B-00C04F79EFBC}") = "NSE.Core", "src\building blocks\ClassLibrary1\NSE.Core.csproj", "{6CA3032D-26C3-4065-B5A1-5A3AA623FDF1}"
EndProject
Project("{2150E333-8FDC-42A3-9474-1A3956D46DE8}") = "Carrinho", "Carrinho", "{F4DFA532-8DAD-4BFD-BEA4-126E66E6F7E2}"
EndProject
Project("{2150E333-8FDC-42A3-9474-1A3956D46DE8}") = "Catalogo", "Catalogo", "{6D4C59EB-71D5-4B3E-9AF9-5ED049D59132}"
EndProject
Project("{2150E333-8FDC-42A3-9474-1A3956D46DE8}") = "Cliente", "Cliente", "{4E0FE222-13D4-402A-A47C-9AB715E51767}"
EndProject
Project("{2150E333-8FDC-42A3-9474-1A3956D46DE8}") = "Pagamento", "Pagamento", "{2F8F142B-FEF7-47B9-888A-77D7BCB0FEBC}"
EndProject
Project("{2150E333-8FDC-42A3-9474-1A3956D46DE8}") = "Pedido", "Pedido", "{A293B0B7-59C3-4A63-BC06-DB8490A19450}"
EndProject
Project("{FAE04EC0-301F-11D3-BF4B-00C04F79EFBC}") = "NSE.Carrinho.API", "src\services\NSE.Carrinho.API\NSE.Carrinho.API.csproj", "{064910A2-4B0A-4459-808D-8AC514AB39BB}"
EndProject
Project("{FAE04EC0-301F-11D3-BF4B-00C04F79EFBC}") = "NSE.Catalogo.API", "src\services\NSE.Catalogo.API\NSE.Catalogo.API.csproj", "{D91086A9-9DA9-4557-8305-1BEC68967C48}"
EndProject
Project("{FAE04EC0-301F-11D3-BF4B-00C04F79EFBC}") = "NSE.Cliente.API", "src\services\NSE.Cliente.API\NSE.Cliente.API.csproj", "{6BB8BA7C-A95A-4CC5-9DCF-4A7597350C8A}"
EndProject
Project("{FAE04EC0-301F-11D3-BF4B-00C04F79EFBC}") = "NSE.Pagamento.API", "src\services\NSE.Pagamento.API\NSE.Pagamento.API.csproj", "{E8E4C3A0-08CA-4480-BD5A-9A51D547980C}"
EndProject
Project("{FAE04EC0-301F-11D3-BF4B-00C04F79EFBC}") = "NSE.Pedido.API", "src\services\NSE.Pedido.API\NSE.Pedido.API.csproj", "{08EC6FD8-27FE-4931-BF60-053A8CAD9212}"
EndProject
Global
	GlobalSection(SolutionConfigurationPlatforms) = preSolution
		Debug|Any CPU = Debug|Any CPU
		Release|Any CPU = Release|Any CPU
	EndGlobalSection
	GlobalSection(ProjectConfigurationPlatforms) = postSolution
		{52242333-2C2E-484E-8E3A-A921A8328BEA}.Debug|Any CPU.ActiveCfg = Debug|Any CPU
		{52242333-2C2E-484E-8E3A-A921A8328BEA}.Debug|Any CPU.Build.0 = Debug|Any CPU
		{52242333-2C2E-484E-8E3A-A921A8328BEA}.Release|Any CPU.ActiveCfg = Release|Any CPU
		{52242333-2C2E-484E-8E3A-A921A8328BEA}.Release|Any CPU.Build.0 = Release|Any CPU
		{8B65A2F9-3A8E-4FBD-9DF1-E44F7FDA4678}.Debug|Any CPU.ActiveCfg = Debug|Any CPU
		{8B65A2F9-3A8E-4FBD-9DF1-E44F7FDA4678}.Debug|Any CPU.Build.0 = Debug|Any CPU
		{8B65A2F9-3A8E-4FBD-9DF1-E44F7FDA4678}.Release|Any CPU.ActiveCfg = Release|Any CPU
		{8B65A2F9-3A8E-4FBD-9DF1-E44F7FDA4678}.Release|Any CPU.Build.0 = Release|Any CPU
		{6CA3032D-26C3-4065-B5A1-5A3AA623FDF1}.Debug|Any CPU.ActiveCfg = Debug|Any CPU
		{6CA3032D-26C3-4065-B5A1-5A3AA623FDF1}.Debug|Any CPU.Build.0 = Debug|Any CPU
		{6CA3032D-26C3-4065-B5A1-5A3AA623FDF1}.Release|Any CPU.ActiveCfg = Release|Any CPU
		{6CA3032D-26C3-4065-B5A1-5A3AA623FDF1}.Release|Any CPU.Build.0 = Release|Any CPU
		{064910A2-4B0A-4459-808D-8AC514AB39BB}.Debug|Any CPU.ActiveCfg = Debug|Any CPU
		{064910A2-4B0A-4459-808D-8AC514AB39BB}.Debug|Any CPU.Build.0 = Debug|Any CPU
		{064910A2-4B0A-4459-808D-8AC514AB39BB}.Release|Any CPU.ActiveCfg = Release|Any CPU
		{064910A2-4B0A-4459-808D-8AC514AB39BB}.Release|Any CPU.Build.0 = Release|Any CPU
		{D91086A9-9DA9-4557-8305-1BEC68967C48}.Debug|Any CPU.ActiveCfg = Debug|Any CPU
		{D91086A9-9DA9-4557-8305-1BEC68967C48}.Debug|Any CPU.Build.0 = Debug|Any CPU
		{D91086A9-9DA9-4557-8305-1BEC68967C48}.Release|Any CPU.ActiveCfg = Release|Any CPU
		{D91086A9-9DA9-4557-8305-1BEC68967C48}.Release|Any CPU.Build.0 = Release|Any CPU
		{6BB8BA7C-A95A-4CC5-9DCF-4A7597350C8A}.Debug|Any CPU.ActiveCfg = Debug|Any CPU
		{6BB8BA7C-A95A-4CC5-9DCF-4A7597350C8A}.Debug|Any CPU.Build.0 = Debug|Any CPU
		{6BB8BA7C-A95A-4CC5-9DCF-4A7597350C8A}.Release|Any CPU.ActiveCfg = Release|Any CPU
		{6BB8BA7C-A95A-4CC5-9DCF-4A7597350C8A}.Release|Any CPU.Build.0 = Release|Any CPU
		{E8E4C3A0-08CA-4480-BD5A-9A51D547980C}.Debug|Any CPU.ActiveCfg = Debug|Any CPU
		{E8E4C3A0-08CA-4480-BD5A-9A51D547980C}.Debug|Any CPU.Build.0 = Debug|Any CPU
		{E8E4C3A0-08CA-4480-BD5A-9A51D547980C}.Release|Any CPU.ActiveCfg = Release|Any CPU
		{E8E4C3A0-08CA-4480-BD5A-9A51D547980C}.Release|Any CPU.Build.0 = Release|Any CPU
		{08EC6FD8-27FE-4931-BF60-053A8CAD9212}.Debug|Any CPU.ActiveCfg = Debug|Any CPU
		{08EC6FD8-27FE-4931-BF60-053A8CAD9212}.Debug|Any CPU.Build.0 = Debug|Any CPU
		{08EC6FD8-27FE-4931-BF60-053A8CAD9212}.Release|Any CPU.ActiveCfg = Release|Any CPU
		{08EC6FD8-27FE-4931-BF60-053A8CAD9212}.Release|Any CPU.Build.0 = Release|Any CPU
	EndGlobalSection
	GlobalSection(SolutionProperties) = preSolution
		HideSolutionNode = FALSE
	EndGlobalSection
	GlobalSection(NestedProjects) = preSolution
		{0F691CA2-3BEA-44E3-81AA-DB89742C572A} = {6A78CA54-F6E8-4E88-B001-0B7600F8988F}
		{2016CF64-E267-4AC1-A0FA-924DEB3927B5} = {6A78CA54-F6E8-4E88-B001-0B7600F8988F}
		{C4BB997E-463F-4A0A-9550-D5EDBB8B6E9A} = {6A78CA54-F6E8-4E88-B001-0B7600F8988F}
		{A3136104-8DCE-49CE-8FF6-67AA9392C807} = {0F691CA2-3BEA-44E3-81AA-DB89742C572A}
		{52242333-2C2E-484E-8E3A-A921A8328BEA} = {A3136104-8DCE-49CE-8FF6-67AA9392C807}
		{417442BD-AFDF-49E6-B351-2075B03CF11F} = {C4BB997E-463F-4A0A-9550-D5EDBB8B6E9A}
		{8B65A2F9-3A8E-4FBD-9DF1-E44F7FDA4678} = {417442BD-AFDF-49E6-B351-2075B03CF11F}
		{0B4C6ECF-64E0-4E8F-869C-DB84E5B44DEF} = {2016CF64-E267-4AC1-A0FA-924DEB3927B5}
		{6CA3032D-26C3-4065-B5A1-5A3AA623FDF1} = {0B4C6ECF-64E0-4E8F-869C-DB84E5B44DEF}
		{F4DFA532-8DAD-4BFD-BEA4-126E66E6F7E2} = {0F691CA2-3BEA-44E3-81AA-DB89742C572A}
		{6D4C59EB-71D5-4B3E-9AF9-5ED049D59132} = {0F691CA2-3BEA-44E3-81AA-DB89742C572A}
		{4E0FE222-13D4-402A-A47C-9AB715E51767} = {0F691CA2-3BEA-44E3-81AA-DB89742C572A}
		{2F8F142B-FEF7-47B9-888A-77D7BCB0FEBC} = {0F691CA2-3BEA-44E3-81AA-DB89742C572A}
		{A293B0B7-59C3-4A63-BC06-DB8490A19450} = {0F691CA2-3BEA-44E3-81AA-DB89742C572A}
		{064910A2-4B0A-4459-808D-8AC514AB39BB} = {F4DFA532-8DAD-4BFD-BEA4-126E66E6F7E2}
		{D91086A9-9DA9-4557-8305-1BEC68967C48} = {6D4C59EB-71D5-4B3E-9AF9-5ED049D59132}
		{6BB8BA7C-A95A-4CC5-9DCF-4A7597350C8A} = {4E0FE222-13D4-402A-A47C-9AB715E51767}
		{E8E4C3A0-08CA-4480-BD5A-9A51D547980C} = {2F8F142B-FEF7-47B9-888A-77D7BCB0FEBC}
		{08EC6FD8-27FE-4931-BF60-053A8CAD9212} = {A293B0B7-59C3-4A63-BC06-DB8490A19450}
	EndGlobalSection
	GlobalSection(ExtensibilityGlobals) = postSolution
		SolutionGuid = {2E922054-745E-4C6A-891E-B75A3FD7D1EF}
	EndGlobalSection
EndGlobal
